
Microsoft Visual Studio Solution File, Format Version 12.00
# Visual Studio Version 17
VisualStudioVersion = 17.7.33711.374
MinimumVisualStudioVersion = 10.0.40219.1
Project("{9A19103F-16F7-4668-BE54-9A1E7A4F7556}") = "NWResult", "NWResult\NWResult.csproj", "{07EB84DF-674B-40EA-894A-73880208DA83}"
EndProject
Project("{FAE04EC0-301F-11D3-BF4B-00C04F79EFBC}") = "Tests", "Tests\Tests.csproj", "{1E1359BB-4E90-4BA7-8854-36BE6C94E2D9}"
EndProject
Global
	GlobalSection(SolutionConfigurationPlatforms) = preSolution
		Debug|Any CPU = Debug|Any CPU
		Release|Any CPU = Release|Any CPU
	EndGlobalSection
	GlobalSection(ProjectConfigurationPlatforms) = postSolution
		{07EB84DF-674B-40EA-894A-73880208DA83}.Debug|Any CPU.ActiveCfg = Debug|Any CPU
		{07EB84DF-674B-40EA-894A-73880208DA83}.Debug|Any CPU.Build.0 = Debug|Any CPU
		{07EB84DF-674B-40EA-894A-73880208DA83}.Release|Any CPU.ActiveCfg = Release|Any CPU
		{07EB84DF-674B-40EA-894A-73880208DA83}.Release|Any CPU.Build.0 = Release|Any CPU
		{1E1359BB-4E90-4BA7-8854-36BE6C94E2D9}.Debug|Any CPU.ActiveCfg = Debug|Any CPU
		{1E1359BB-4E90-4BA7-8854-36BE6C94E2D9}.Debug|Any CPU.Build.0 = Debug|Any CPU
		{1E1359BB-4E90-4BA7-8854-36BE6C94E2D9}.Release|Any CPU.ActiveCfg = Release|Any CPU
		{1E1359BB-4E90-4BA7-8854-36BE6C94E2D9}.Release|Any CPU.Build.0 = Release|Any CPU
	EndGlobalSection
	GlobalSection(SolutionProperties) = preSolution
		HideSolutionNode = FALSE
	EndGlobalSection
	GlobalSection(ExtensibilityGlobals) = postSolution
		SolutionGuid = {2607F2CD-FC0A-44A1-AFDF-066186783515}
	EndGlobalSection
EndGlobal
